{
    __meta__ = {
        version = "1.0"
    },
    ["windows|x64"] = {
        ["cmake#31fecfc4"] = {
            repo = {
                branch = "master",
                commit = "2a40e4b0e57fa3231195238ed984000a8100aa70",
                url = "https://github.com/xmake-io/xmake-repo.git"
            },
            version = "3.28.3"
        },
        ["commonlibsse-ng#6cab6700"] = {
            repo = {
                branch = "master",
                commit = "01bc97320575fb77e9936fff184c6d3cb58e8c90",
                url = "https://github.com/xmake-io/xmake-repo.git"
            },
            version = "v3.7.0"
        },
        ["fmt#31fecfc4"] = {
            repo = {
                branch = "master",
                commit = "2a40e4b0e57fa3231195238ed984000a8100aa70",
                url = "https://github.com/xmake-io/xmake-repo.git"
            },
            version = "10.0.0"
        },
        ["magic_enum#31fecfc4"] = {
            repo = {
                branch = "master",
                commit = "0cc956a158783e6e4b9ba1cc0a2f8a9206c2d63a",
                url = "https://github.com/xmake-io/xmake-repo.git"
            },
            version = "v0.9.5"
        },
        ["nlohmann_json#31fecfc4"] = {
            repo = {
                branch = "master",
                commit = "0cc956a158783e6e4b9ba1cc0a2f8a9206c2d63a",
                url = "https://github.com/xmake-io/xmake-repo.git"
            },
            version = "v3.11.3"
        },
        ["rapidcsv#31fecfc4"] = {
            repo = {
                branch = "master",
                commit = "2a40e4b0e57fa3231195238ed984000a8100aa70",
                url = "https://github.com/xmake-io/xmake-repo.git"
            },
            version = "8.50"
        },
        ["spdlog#b06e1130"] = {
            repo = {
                branch = "master",
                commit = "2a40e4b0e57fa3231195238ed984000a8100aa70",
                url = "https://github.com/xmake-io/xmake-repo.git"
            },
            version = "v1.11.0"
        }
    }
}